
Microsoft Visual Studio Solution File, Format Version 12.00
# Visual Studio Version 17
VisualStudioVersion = 17.9.34616.47
MinimumVisualStudioVersion = 10.0.40219.1
Project("{FAE04EC0-301F-11D3-BF4B-00C04F79EFBC}") = "FluentValidationDemo", "FluentValidationDemo\FluentValidationDemo.csproj", "{B6D448B1-EB9F-4BD1-8506-E34E83897F44}"
EndProject
Global
	GlobalSection(SolutionConfigurationPlatforms) = preSolution
		Debug|Any CPU = Debug|Any CPU
		Release|Any CPU = Release|Any CPU
	EndGlobalSection
	GlobalSection(ProjectConfigurationPlatforms) = postSolution
		{B6D448B1-EB9F-4BD1-8506-E34E83897F44}.Debug|Any CPU.ActiveCfg = Debug|Any CPU
		{B6D448B1-EB9F-4BD1-8506-E34E83897F44}.Debug|Any CPU.Build.0 = Debug|Any CPU
		{B6D448B1-EB9F-4BD1-8506-E34E83897F44}.Release|Any CPU.ActiveCfg = Release|Any CPU
		{B6D448B1-EB9F-4BD1-8506-E34E83897F44}.Release|Any CPU.Build.0 = Release|Any CPU
	EndGlobalSection
	GlobalSection(SolutionProperties) = preSolution
		HideSolutionNode = FALSE
	EndGlobalSection
	GlobalSection(ExtensibilityGlobals) = postSolution
		SolutionGuid = {16FD7837-D765-4095-9A5F-6CE8C38F292F}
	EndGlobalSection
EndGlobal
